
Microsoft Visual Studio Solution File, Format Version 12.00
# Visual Studio Version 17
VisualStudioVersion = 17.9.34616.47
MinimumVisualStudioVersion = 10.0.40219.1
Project("{FAE04EC0-301F-11D3-BF4B-00C04F79EFBC}") = "Utils", "Utils\Utils.csproj", "{52B9C6B5-DA34-4B13-A2BA-5A13F97D0386}"
EndProject
Project("{FAE04EC0-301F-11D3-BF4B-00C04F79EFBC}") = "UtilsDemo", "UtilsDemo\UtilsDemo.csproj", "{6A1B5E4B-0650-4E1F-AB48-2DEAFE40D6E8}"
EndProject
Project("{9A19103F-16F7-4668-BE54-9A1E7A4F7556}") = "Standard", "Standard\Standard.csproj", "{372B45ED-4642-4EAC-80FC-B151A0B50732}"
EndProject
Project("{FAE04EC0-301F-11D3-BF4B-00C04F79EFBC}") = "StandardUnitTest", "StandardUnitTest\StandardUnitTest.csproj", "{30C53753-E025-485A-873C-640B1E44C792}"
EndProject
Global
	GlobalSection(SolutionConfigurationPlatforms) = preSolution
		Debug|Any CPU = Debug|Any CPU
		Release|Any CPU = Release|Any CPU
	EndGlobalSection
	GlobalSection(ProjectConfigurationPlatforms) = postSolution
		{52B9C6B5-DA34-4B13-A2BA-5A13F97D0386}.Debug|Any CPU.ActiveCfg = Debug|Any CPU
		{52B9C6B5-DA34-4B13-A2BA-5A13F97D0386}.Debug|Any CPU.Build.0 = Debug|Any CPU
		{52B9C6B5-DA34-4B13-A2BA-5A13F97D0386}.Release|Any CPU.ActiveCfg = Release|Any CPU
		{52B9C6B5-DA34-4B13-A2BA-5A13F97D0386}.Release|Any CPU.Build.0 = Release|Any CPU
		{6A1B5E4B-0650-4E1F-AB48-2DEAFE40D6E8}.Debug|Any CPU.ActiveCfg = Debug|Any CPU
		{6A1B5E4B-0650-4E1F-AB48-2DEAFE40D6E8}.Debug|Any CPU.Build.0 = Debug|Any CPU
		{6A1B5E4B-0650-4E1F-AB48-2DEAFE40D6E8}.Release|Any CPU.ActiveCfg = Release|Any CPU
		{6A1B5E4B-0650-4E1F-AB48-2DEAFE40D6E8}.Release|Any CPU.Build.0 = Release|Any CPU
		{372B45ED-4642-4EAC-80FC-B151A0B50732}.Debug|Any CPU.ActiveCfg = Debug|Any CPU
		{372B45ED-4642-4EAC-80FC-B151A0B50732}.Debug|Any CPU.Build.0 = Debug|Any CPU
		{372B45ED-4642-4EAC-80FC-B151A0B50732}.Release|Any CPU.ActiveCfg = Release|Any CPU
		{372B45ED-4642-4EAC-80FC-B151A0B50732}.Release|Any CPU.Build.0 = Release|Any CPU
		{30C53753-E025-485A-873C-640B1E44C792}.Debug|Any CPU.ActiveCfg = Debug|Any CPU
		{30C53753-E025-485A-873C-640B1E44C792}.Debug|Any CPU.Build.0 = Debug|Any CPU
		{30C53753-E025-485A-873C-640B1E44C792}.Release|Any CPU.ActiveCfg = Release|Any CPU
		{30C53753-E025-485A-873C-640B1E44C792}.Release|Any CPU.Build.0 = Release|Any CPU
	EndGlobalSection
	GlobalSection(SolutionProperties) = preSolution
		HideSolutionNode = FALSE
	EndGlobalSection
	GlobalSection(ExtensibilityGlobals) = postSolution
		SolutionGuid = {7B9E596A-8B3F-4589-95C8-0FD2836BC353}
	EndGlobalSection
EndGlobal
